
Microsoft Visual Studio Solution File, Format Version 12.00
# Visual Studio Version 17
VisualStudioVersion = 17.9.34728.123
MinimumVisualStudioVersion = 10.0.40219.1
Project("{FAE04EC0-301F-11D3-BF4B-00C04F79EFBC}") = "Application_soignant", "Application_soignant.csproj", "{88D350DE-AEC3-4382-8BAE-C2A0910C4193}"
EndProject
Global
	GlobalSection(SolutionConfigurationPlatforms) = preSolution
		Debug|Any CPU = Debug|Any CPU
		Release|Any CPU = Release|Any CPU
	EndGlobalSection
	GlobalSection(ProjectConfigurationPlatforms) = postSolution
		{88D350DE-AEC3-4382-8BAE-C2A0910C4193}.Debug|Any CPU.ActiveCfg = Debug|Any CPU
		{88D350DE-AEC3-4382-8BAE-C2A0910C4193}.Debug|Any CPU.Build.0 = Debug|Any CPU
		{88D350DE-AEC3-4382-8BAE-C2A0910C4193}.Debug|Any CPU.Deploy.0 = Debug|Any CPU
		{88D350DE-AEC3-4382-8BAE-C2A0910C4193}.Release|Any CPU.ActiveCfg = Release|Any CPU
		{88D350DE-AEC3-4382-8BAE-C2A0910C4193}.Release|Any CPU.Build.0 = Release|Any CPU
		{88D350DE-AEC3-4382-8BAE-C2A0910C4193}.Release|Any CPU.Deploy.0 = Release|Any CPU
	EndGlobalSection
	GlobalSection(SolutionProperties) = preSolution
		HideSolutionNode = FALSE
	EndGlobalSection
	GlobalSection(ExtensibilityGlobals) = postSolution
		SolutionGuid = {6E28E95E-9135-41A9-AB74-8C6FE796D878}
	EndGlobalSection
EndGlobal
